<?xml version="1.0" encoding="utf-8"?>
<Project ToolsVersion="4.0" xmlns="http://schemas.microsoft.com/developer/msbuild/2003">
  <ItemGroup>
    <Filter Include="Pliki źródłowe">
      <UniqueIdentifier>{4FC737F1-C7A5-4376-A066-2A32D752A2FF}</UniqueIdentifier>
      <Extensions>cpp;c;cc;cxx;c++;cppm;ixx;def;odl;idl;hpj;bat;asm;asmx</Extensions>
    </Filter>
    <Filter Include="Pliki nagłówkowe">
      <UniqueIdentifier>{93995380-89BD-4b04-88EB-625FBE52EBFB}</UniqueIdentifier>
      <Extensions>h;hh;hpp;hxx;h++;hm;inl;inc;ipp;xsd</Extensions>
    </Filter>
    <Filter Include="Pliki zasobów">
      <UniqueIdentifier>{67DA6AB6-F800-4c08-8B7A-83BB121AAD01}</UniqueIdentifier>
      <Extensions>rc;ico;cur;bmp;dlg;rc2;rct;bin;rgs;gif;jpg;jpeg;jpe;resx;tiff;tif;png;wav;mfcribbon-ms</Extensions>
    </Filter>
    <Filter Include="capstone">
      <UniqueIdentifier>{9c0a6209-2f7b-4430-8753-485f3669add5}</UniqueIdentifier>
    </Filter>
  </ItemGroup>
  <ItemGroup>
    <ClCompile Include="shellcode mutation.cpp">
      <Filter>Pliki źródłowe</Filter>
    </ClCompile>
  </ItemGroup>
  <ItemGroup>
    <ClInclude Include="capstone\arm.h">
      <Filter>capstone</Filter>
    </ClInclude>
    <ClInclude Include="capstone\arm64.h">
      <Filter>capstone</Filter>
    </ClInclude>
    <ClInclude Include="capstone\capstone.h">
      <Filter>capstone</Filter>
    </ClInclude>
    <ClInclude Include="capstone\evm.h">
      <Filter>capstone</Filter>
    </ClInclude>
    <ClInclude Include="capstone\m68k.h">
      <Filter>capstone</Filter>
    </ClInclude>
    <ClInclude Include="capstone\m680x.h">
      <Filter>capstone</Filter>
    </ClInclude>
    <ClInclude Include="capstone\mips.h">
      <Filter>capstone</Filter>
    </ClInclude>
    <ClInclude Include="capstone\platform.h">
      <Filter>capstone</Filter>
    </ClInclude>
    <ClInclude Include="capstone\ppc.h">
      <Filter>capstone</Filter>
    </ClInclude>
    <ClInclude Include="capstone\sparc.h">
      <Filter>capstone</Filter>
    </ClInclude>
    <ClInclude Include="capstone\systemz.h">
      <Filter>capstone</Filter>
    </ClInclude>
    <ClInclude Include="capstone\tms320c64x.h">
      <Filter>capstone</Filter>
    </ClInclude>
    <ClInclude Include="capstone\x86.h">
      <Filter>capstone</Filter>
    </ClInclude>
    <ClInclude Include="capstone\xcore.h">
      <Filter>capstone</Filter>
    </ClInclude>
    <ClInclude Include="analize_instructions.hpp">
      <Filter>Pliki nagłówkowe</Filter>
    </ClInclude>
    <ClInclude Include="assembly_utils.hpp">
      <Filter>Pliki nagłówkowe</Filter>
    </ClInclude>
    <ClInclude Include="translater.hpp">
      <Filter>Pliki nagłówkowe</Filter>
    </ClInclude>
    <ClInclude Include="free_regions.hpp">
      <Filter>Pliki nagłówkowe</Filter>
    </ClInclude>
    <ClInclude Include="jmp_table.hpp">
      <Filter>Pliki nagłówkowe</Filter>
    </ClInclude>
    <ClInclude Include="dll_parser.hpp">
      <Filter>Pliki nagłówkowe</Filter>
    </ClInclude>
    <ClInclude Include="memory.hpp">
      <Filter>Pliki nagłówkowe</Filter>
    </ClInclude>
  </ItemGroup>
</Project>